
Microsoft Visual Studio Solution File, Format Version 12.00
# Visual Studio Version 17
VisualStudioVersion = 17.0.32126.317
MinimumVisualStudioVersion = 10.0.40219.1
Project("{FAE04EC0-301F-11D3-BF4B-00C04F79EFBC}") = "ShiftTrackerAPI", "ShiftTrackerAPI\ShiftTrackerAPI.csproj", "{F2E8D991-4CC1-4068-B64B-AB6D75817F95}"
EndProject
Global
	GlobalSection(SolutionConfigurationPlatforms) = preSolution
		Debug|Any CPU = Debug|Any CPU
		Release|Any CPU = Release|Any CPU
	EndGlobalSection
	GlobalSection(ProjectConfigurationPlatforms) = postSolution
		{F2E8D991-4CC1-4068-B64B-AB6D75817F95}.Debug|Any CPU.ActiveCfg = Debug|Any CPU
		{F2E8D991-4CC1-4068-B64B-AB6D75817F95}.Debug|Any CPU.Build.0 = Debug|Any CPU
		{F2E8D991-4CC1-4068-B64B-AB6D75817F95}.Release|Any CPU.ActiveCfg = Release|Any CPU
		{F2E8D991-4CC1-4068-B64B-AB6D75817F95}.Release|Any CPU.Build.0 = Release|Any CPU
	EndGlobalSection
	GlobalSection(SolutionProperties) = preSolution
		HideSolutionNode = FALSE
	EndGlobalSection
	GlobalSection(ExtensibilityGlobals) = postSolution
		SolutionGuid = {67228CE5-FCFB-4D1D-A7C9-FC3DA6D5304E}
	EndGlobalSection
EndGlobal
